
Microsoft Visual Studio Solution File, Format Version 12.00
# Visual Studio Version 17
VisualStudioVersion = 17.3.32819.101
MinimumVisualStudioVersion = 10.0.40219.1
Project("{FAE04EC0-301F-11D3-BF4B-00C04F79EFBC}") = "Trpo1.1", "Trpo1.1\Trpo1.1.csproj", "{22B9B204-F166-480B-87E1-38F4B3375921}"
EndProject
Global
	GlobalSection(SolutionConfigurationPlatforms) = preSolution
		Debug|Any CPU = Debug|Any CPU
		Release|Any CPU = Release|Any CPU
	EndGlobalSection
	GlobalSection(ProjectConfigurationPlatforms) = postSolution
		{22B9B204-F166-480B-87E1-38F4B3375921}.Debug|Any CPU.ActiveCfg = Debug|Any CPU
		{22B9B204-F166-480B-87E1-38F4B3375921}.Debug|Any CPU.Build.0 = Debug|Any CPU
		{22B9B204-F166-480B-87E1-38F4B3375921}.Release|Any CPU.ActiveCfg = Release|Any CPU
		{22B9B204-F166-480B-87E1-38F4B3375921}.Release|Any CPU.Build.0 = Release|Any CPU
	EndGlobalSection
	GlobalSection(SolutionProperties) = preSolution
		HideSolutionNode = FALSE
	EndGlobalSection
	GlobalSection(ExtensibilityGlobals) = postSolution
		SolutionGuid = {B3F81E05-1EF6-48A0-B1C4-73FBFA50D12E}
	EndGlobalSection
EndGlobal
